{
  "name": "front",
  "version": "1.0.0",
  "lockfileVersion": 1,
  "requires": true,
  "dependencies": {
    "konva": {
      "version": "8.3.12",
      "resolved": "https://registry.npmjs.org/konva/-/konva-8.3.12.tgz",
      "integrity": "sha512-+tZQOMqEg1EVvsHoRGiC4iImAX8mfNk1mEOyu+Ox8iLpj7oOsjAKw0Kd6Om0EAQnxhcSnwW3ltxfhAUfO0ejtQ=="
    },
    "uniq": {
      "version": "1.0.1",
      "resolved": "https://registry.npmjs.org/uniq/-/uniq-1.0.1.tgz",
      "integrity": "sha512-Gw+zz50YNKPDKXs+9d+aKAjVwpjNwqzvNpLigIruT4HA9lMZNdMqs9x07kKHB/L9WRzqp4+DlTU5s4wG2esdoA=="
    }
  }
}
